// !$*UTF8*$!
{
	archiveVersion = 1;
	classes = {
	};
	objectVersion = 50;
	objects = {

/* Begin PBXBuildFile section */
		D33C467626DCFAE2009D29B8 /* ColumnChartViewModel.swift in Sources */ = {isa = PBXBuildFile; fileRef = D33C467526DCFAE2009D29B8 /* ColumnChartViewModel.swift */; };
		D33C467826DCFB43009D29B8 /* ColumnChartViewModelTest.swift in Sources */ = {isa = PBXBuildFile; fileRef = D33C467726DCFB43009D29B8 /* ColumnChartViewModelTest.swift */; };
		D33C467C26DD01B5009D29B8 /* Column.swift in Sources */ = {isa = PBXBuildFile; fileRef = D33C467B26DD01B5009D29B8 /* Column.swift */; };
		D33C467E26DD0405009D29B8 /* ColumnChartView.swift in Sources */ = {isa = PBXBuildFile; fileRef = D33C467D26DD0405009D29B8 /* ColumnChartView.swift */; };
		D33C468126DD0959009D29B8 /* Localizable.strings in Resources */ = {isa = PBXBuildFile; fileRef = D33C468326DD0959009D29B8 /* Localizable.strings */; };
		D363F58C26DCF8DE00298B95 /* ColumnView.swift in Sources */ = {isa = PBXBuildFile; fileRef = D363F58B26DCF8DE00298B95 /* ColumnView.swift */; };
		D3A9476A26DCF28500CF1183 /* ColumnChartApp.swift in Sources */ = {isa = PBXBuildFile; fileRef = D3A9476926DCF28500CF1183 /* ColumnChartApp.swift */; };
		D3A9476C26DCF28500CF1183 /* ContentView.swift in Sources */ = {isa = PBXBuildFile; fileRef = D3A9476B26DCF28500CF1183 /* ContentView.swift */; };
		D3A9476E26DCF28800CF1183 /* Assets.xcassets in Resources */ = {isa = PBXBuildFile; fileRef = D3A9476D26DCF28800CF1183 /* Assets.xcassets */; };
		D3A9477126DCF28800CF1183 /* Preview Assets.xcassets in Resources */ = {isa = PBXBuildFile; fileRef = D3A9477026DCF28800CF1183 /* Preview Assets.xcassets */; };
		D3A9477C26DCF28900CF1183 /* ColumnChartTests.swift in Sources */ = {isa = PBXBuildFile; fileRef = D3A9477B26DCF28900CF1183 /* ColumnChartTests.swift */; };
/* End PBXBuildFile section */

/* Begin PBXContainerItemProxy section */
		D3A9477826DCF28900CF1183 /* PBXContainerItemProxy */ = {
			isa = PBXContainerItemProxy;
			containerPortal = D3A9475E26DCF28500CF1183 /* Project object */;
			proxyType = 1;
			remoteGlobalIDString = D3A9476526DCF28500CF1183;
			remoteInfo = ColumnChart;
		};
/* End PBXContainerItemProxy section */

/* Begin PBXFileReference section */
		D33C467526DCFAE2009D29B8 /* ColumnChartViewModel.swift */ = {isa = PBXFileReference; fileEncoding = 4; lastKnownFileType = sourcecode.swift; path = ColumnChartViewModel.swift; sourceTree = "<group>"; };
		D33C467726DCFB43009D29B8 /* ColumnChartViewModelTest.swift */ = {isa = PBXFileReference; lastKnownFileType = sourcecode.swift; path = ColumnChartViewModelTest.swift; sourceTree = "<group>"; };
		D33C467B26DD01B5009D29B8 /* Column.swift */ = {isa = PBXFileReference; lastKnownFileType = sourcecode.swift; path = Column.swift; sourceTree = "<group>"; };
		D33C467D26DD0405009D29B8 /* ColumnChartView.swift */ = {isa = PBXFileReference; fileEncoding = 4; lastKnownFileType = sourcecode.swift; path = ColumnChartView.swift; sourceTree = "<group>"; };
		D33C468226DD0959009D29B8 /* en */ = {isa = PBXFileReference; lastKnownFileType = text.plist.strings; name = en; path = en.lproj/Localizable.strings; sourceTree = "<group>"; };
		D363F58B26DCF8DE00298B95 /* ColumnView.swift */ = {isa = PBXFileReference; fileEncoding = 4; lastKnownFileType = sourcecode.swift; path = ColumnView.swift; sourceTree = "<group>"; };
		D3A9476626DCF28500CF1183 /* ColumnChart.app */ = {isa = PBXFileReference; explicitFileType = wrapper.application; includeInIndex = 0; path = ColumnChart.app; sourceTree = BUILT_PRODUCTS_DIR; };
		D3A9476926DCF28500CF1183 /* ColumnChartApp.swift */ = {isa = PBXFileReference; lastKnownFileType = sourcecode.swift; path = ColumnChartApp.swift; sourceTree = "<group>"; };
		D3A9476B26DCF28500CF1183 /* ContentView.swift */ = {isa = PBXFileReference; lastKnownFileType = sourcecode.swift; path = ContentView.swift; sourceTree = "<group>"; };
		D3A9476D26DCF28800CF1183 /* Assets.xcassets */ = {isa = PBXFileReference; lastKnownFileType = folder.assetcatalog; path = Assets.xcassets; sourceTree = "<group>"; };
		D3A9477026DCF28800CF1183 /* Preview Assets.xcassets */ = {isa = PBXFileReference; lastKnownFileType = folder.assetcatalog; path = "Preview Assets.xcassets"; sourceTree = "<group>"; };
		D3A9477226DCF28800CF1183 /* Info.plist */ = {isa = PBXFileReference; lastKnownFileType = text.plist.xml; path = Info.plist; sourceTree = "<group>"; };
		D3A9477726DCF28900CF1183 /* ColumnChartTests.xctest */ = {isa = PBXFileReference; explicitFileType = wrapper.cfbundle; includeInIndex = 0; path = ColumnChartTests.xctest; sourceTree = BUILT_PRODUCTS_DIR; };
		D3A9477B26DCF28900CF1183 /* ColumnChartTests.swift */ = {isa = PBXFileReference; lastKnownFileType = sourcecode.swift; path = ColumnChartTests.swift; sourceTree = "<group>"; };
		D3A9477D26DCF28900CF1183 /* Info.plist */ = {isa = PBXFileReference; lastKnownFileType = text.plist.xml; path = Info.plist; sourceTree = "<group>"; };
/* End PBXFileReference section */

/* Begin PBXFrameworksBuildPhase section */
		D3A9476326DCF28500CF1183 /* Frameworks */ = {
			isa = PBXFrameworksBuildPhase;
			buildActionMask = 2147483647;
			files = (
			);
			runOnlyForDeploymentPostprocessing = 0;
		};
		D3A9477426DCF28900CF1183 /* Frameworks */ = {
			isa = PBXFrameworksBuildPhase;
			buildActionMask = 2147483647;
			files = (
			);
			runOnlyForDeploymentPostprocessing = 0;
		};
/* End PBXFrameworksBuildPhase section */

/* Begin PBXGroup section */
		D3A9475D26DCF28500CF1183 = {
			isa = PBXGroup;
			children = (
				D3A9476826DCF28500CF1183 /* ColumnChart */,
				D3A9477A26DCF28900CF1183 /* ColumnChartTests */,
				D3A9476726DCF28500CF1183 /* Products */,
			);
			sourceTree = "<group>";
		};
		D3A9476726DCF28500CF1183 /* Products */ = {
			isa = PBXGroup;
			children = (
				D3A9476626DCF28500CF1183 /* ColumnChart.app */,
				D3A9477726DCF28900CF1183 /* ColumnChartTests.xctest */,
			);
			name = Products;
			sourceTree = "<group>";
		};
		D3A9476826DCF28500CF1183 /* ColumnChart */ = {
			isa = PBXGroup;
			children = (
				D3A9476D26DCF28800CF1183 /* Assets.xcassets */,
				D33C467B26DD01B5009D29B8 /* Column.swift */,
				D3A9476926DCF28500CF1183 /* ColumnChartApp.swift */,
				D33C467D26DD0405009D29B8 /* ColumnChartView.swift */,
				D33C467526DCFAE2009D29B8 /* ColumnChartViewModel.swift */,
				D363F58B26DCF8DE00298B95 /* ColumnView.swift */,
				D3A9476B26DCF28500CF1183 /* ContentView.swift */,
				D3A9477226DCF28800CF1183 /* Info.plist */,
				D3A9476F26DCF28800CF1183 /* Preview Content */,
				D33C468326DD0959009D29B8 /* Localizable.strings */,
			);
			path = ColumnChart;
			sourceTree = "<group>";
		};
		D3A9476F26DCF28800CF1183 /* Preview Content */ = {
			isa = PBXGroup;
			children = (
				D3A9477026DCF28800CF1183 /* Preview Assets.xcassets */,
			);
			path = "Preview Content";
			sourceTree = "<group>";
		};
		D3A9477A26DCF28900CF1183 /* ColumnChartTests */ = {
			isa = PBXGroup;
			children = (
				D3A9477B26DCF28900CF1183 /* ColumnChartTests.swift */,
				D33C467726DCFB43009D29B8 /* ColumnChartViewModelTest.swift */,
				D3A9477D26DCF28900CF1183 /* Info.plist */,
			);
			path = ColumnChartTests;
			sourceTree = "<group>";
		};
/* End PBXGroup section */

/* Begin PBXNativeTarget section */
		D3A9476526DCF28500CF1183 /* ColumnChart */ = {
			isa = PBXNativeTarget;
			buildConfigurationList = D3A9478B26DCF28900CF1183 /* Build configuration list for PBXNativeTarget "ColumnChart" */;
			buildPhases = (
				D3A9476226DCF28500CF1183 /* Sources */,
				D3A9476326DCF28500CF1183 /* Frameworks */,
				D3A9476426DCF28500CF1183 /* Resources */,
			);
			buildRules = (
			);
			dependencies = (
			);
			name = ColumnChart;
			productName = ColumnChart;
			productReference = D3A9476626DCF28500CF1183 /* ColumnChart.app */;
			productType = "com.apple.product-type.application";
		};
		D3A9477626DCF28900CF1183 /* ColumnChartTests */ = {
			isa = PBXNativeTarget;
			buildConfigurationList = D3A9478E26DCF28900CF1183 /* Build configuration list for PBXNativeTarget "ColumnChartTests" */;
			buildPhases = (
				D3A9477326DCF28900CF1183 /* Sources */,
				D3A9477426DCF28900CF1183 /* Frameworks */,
				D3A9477526DCF28900CF1183 /* Resources */,
			);
			buildRules = (
			);
			dependencies = (
				D3A9477926DCF28900CF1183 /* PBXTargetDependency */,
			);
			name = ColumnChartTests;
			productName = ColumnChartTests;
			productReference = D3A9477726DCF28900CF1183 /* ColumnChartTests.xctest */;
			productType = "com.apple.product-type.bundle.unit-test";
		};
/* End PBXNativeTarget section */

/* Begin PBXProject section */
		D3A9475E26DCF28500CF1183 /* Project object */ = {
			isa = PBXProject;
			attributes = {
				LastSwiftUpdateCheck = 1250;
				LastUpgradeCheck = 1250;
				TargetAttributes = {
					D3A9476526DCF28500CF1183 = {
						CreatedOnToolsVersion = 12.5.1;
					};
					D3A9477626DCF28900CF1183 = {
						CreatedOnToolsVersion = 12.5.1;
						TestTargetID = D3A9476526DCF28500CF1183;
					};
				};
			};
			buildConfigurationList = D3A9476126DCF28500CF1183 /* Build configuration list for PBXProject "ColumnChart" */;
			compatibilityVersion = "Xcode 9.3";
			developmentRegion = en;
			hasScannedForEncodings = 0;
			knownRegions = (
				en,
				Base,
			);
			mainGroup = D3A9475D26DCF28500CF1183;
			productRefGroup = D3A9476726DCF28500CF1183 /* Products */;
			projectDirPath = "";
			projectRoot = "";
			targets = (
				D3A9476526DCF28500CF1183 /* ColumnChart */,
				D3A9477626DCF28900CF1183 /* ColumnChartTests */,
			);
		};
/* End PBXProject section */

/* Begin PBXResourcesBuildPhase section */
		D3A9476426DCF28500CF1183 /* Resources */ = {
			isa = PBXResourcesBuildPhase;
			buildActionMask = 2147483647;
			files = (
				D3A9477126DCF28800CF1183 /* Preview Assets.xcassets in Resources */,
				D33C468126DD0959009D29B8 /* Localizable.strings in Resources */,
				D3A9476E26DCF28800CF1183 /* Assets.xcassets in Resources */,
			);
			runOnlyForDeploymentPostprocessing = 0;
		};
		D3A9477526DCF28900CF1183 /* Resources */ = {
			isa = PBXResourcesBuildPhase;
			buildActionMask = 2147483647;
			files = (
			);
			runOnlyForDeploymentPostprocessing = 0;
		};
/* End PBXResourcesBuildPhase section */

/* Begin PBXSourcesBuildPhase section */
		D3A9476226DCF28500CF1183 /* Sources */ = {
			isa = PBXSourcesBuildPhase;
			buildActionMask = 2147483647;
			files = (
				D363F58C26DCF8DE00298B95 /* ColumnView.swift in Sources */,
				D33C467626DCFAE2009D29B8 /* ColumnChartViewModel.swift in Sources */,
				D3A9476C26DCF28500CF1183 /* ContentView.swift in Sources */,
				D3A9476A26DCF28500CF1183 /* ColumnChartApp.swift in Sources */,
				D33C467C26DD01B5009D29B8 /* Column.swift in Sources */,
				D33C467E26DD0405009D29B8 /* ColumnChartView.swift in Sources */,
			);
			runOnlyForDeploymentPostprocessing = 0;
		};
		D3A9477326DCF28900CF1183 /* Sources */ = {
			isa = PBXSourcesBuildPhase;
			buildActionMask = 2147483647;
			files = (
				D3A9477C26DCF28900CF1183 /* ColumnChartTests.swift in Sources */,
				D33C467826DCFB43009D29B8 /* ColumnChartViewModelTest.swift in Sources */,
			);
			runOnlyForDeploymentPostprocessing = 0;
		};
/* End PBXSourcesBuildPhase section */

/* Begin PBXTargetDependency section */
		D3A9477926DCF28900CF1183 /* PBXTargetDependency */ = {
			isa = PBXTargetDependency;
			target = D3A9476526DCF28500CF1183 /* ColumnChart */;
			targetProxy = D3A9477826DCF28900CF1183 /* PBXContainerItemProxy */;
		};
/* End PBXTargetDependency section */

/* Begin PBXVariantGroup section */
		D33C468326DD0959009D29B8 /* Localizable.strings */ = {
			isa = PBXVariantGroup;
			children = (
				D33C468226DD0959009D29B8 /* en */,
			);
			name = Localizable.strings;
			sourceTree = "<group>";
		};
/* End PBXVariantGroup section */

/* Begin XCBuildConfiguration section */
		D3A9478926DCF28900CF1183 /* Debug */ = {
			isa = XCBuildConfiguration;
			buildSettings = {
				ALWAYS_SEARCH_USER_PATHS = NO;
				CLANG_ANALYZER_NONNULL = YES;
				CLANG_ANALYZER_NUMBER_OBJECT_CONVERSION = YES_AGGRESSIVE;
				CLANG_CXX_LANGUAGE_STANDARD = "gnu++14";
				CLANG_CXX_LIBRARY = "libc++";
				CLANG_ENABLE_MODULES = YES;
				CLANG_ENABLE_OBJC_ARC = YES;
				CLANG_ENABLE_OBJC_WEAK = YES;
				CLANG_WARN_BLOCK_CAPTURE_AUTORELEASING = YES;
				CLANG_WARN_BOOL_CONVERSION = YES;
				CLANG_WARN_COMMA = YES;
				CLANG_WARN_CONSTANT_CONVERSION = YES;
				CLANG_WARN_DEPRECATED_OBJC_IMPLEMENTATIONS = YES;
				CLANG_WARN_DIRECT_OBJC_ISA_USAGE = YES_ERROR;
				CLANG_WARN_DOCUMENTATION_COMMENTS = YES;
				CLANG_WARN_EMPTY_BODY = YES;
				CLANG_WARN_ENUM_CONVERSION = YES;
				CLANG_WARN_INFINITE_RECURSION = YES;
				CLANG_WARN_INT_CONVERSION = YES;
				CLANG_WARN_NON_LITERAL_NULL_CONVERSION = YES;
				CLANG_WARN_OBJC_IMPLICIT_RETAIN_SELF = YES;
				CLANG_WARN_OBJC_LITERAL_CONVERSION = YES;
				CLANG_WARN_OBJC_ROOT_CLASS = YES_ERROR;
				CLANG_WARN_QUOTED_INCLUDE_IN_FRAMEWORK_HEADER = YES;
				CLANG_WARN_RANGE_LOOP_ANALYSIS = YES;
				CLANG_WARN_STRICT_PROTOTYPES = YES;
				CLANG_WARN_SUSPICIOUS_MOVE = YES;
				CLANG_WARN_UNGUARDED_AVAILABILITY = YES_AGGRESSIVE;
				CLANG_WARN_UNREACHABLE_CODE = YES;
				CLANG_WARN__DUPLICATE_METHOD_MATCH = YES;
				COPY_PHASE_STRIP = NO;
				DEBUG_INFORMATION_FORMAT = dwarf;
				ENABLE_STRICT_OBJC_MSGSEND = YES;
				ENABLE_TESTABILITY = YES;
				GCC_C_LANGUAGE_STANDARD = gnu11;
				GCC_DYNAMIC_NO_PIC = NO;
				GCC_NO_COMMON_BLOCKS = YES;
				GCC_OPTIMIZATION_LEVEL = 0;
				GCC_PREPROCESSOR_DEFINITIONS = (
					"DEBUG=1",
					"$(inherited)",
				);
				GCC_WARN_64_TO_32_BIT_CONVERSION = YES;
				GCC_WARN_ABOUT_RETURN_TYPE = YES_ERROR;
				GCC_WARN_UNDECLARED_SELECTOR = YES;
				GCC_WARN_UNINITIALIZED_AUTOS = YES_AGGRESSIVE;
				GCC_WARN_UNUSED_FUNCTION = YES;
				GCC_WARN_UNUSED_VARIABLE = YES;
				IPHONEOS_DEPLOYMENT_TARGET = 14.5;
				MTL_ENABLE_DEBUG_INFO = INCLUDE_SOURCE;
				MTL_FAST_MATH = YES;
				ONLY_ACTIVE_ARCH = YES;
				SDKROOT = iphoneos;
				SWIFT_ACTIVE_COMPILATION_CONDITIONS = DEBUG;
				SWIFT_OPTIMIZATION_LEVEL = "-Onone";
			};
			name = Debug;
		};
		D3A9478A26DCF28900CF1183 /* Release */ = {
			isa = XCBuildConfiguration;
			buildSettings = {
				ALWAYS_SEARCH_USER_PATHS = NO;
				CLANG_ANALYZER_NONNULL = YES;
				CLANG_ANALYZER_NUMBER_OBJECT_CONVERSION = YES_AGGRESSIVE;
				CLANG_CXX_LANGUAGE_STANDARD = "gnu++14";
				CLANG_CXX_LIBRARY = "libc++";
				CLANG_ENABLE_MODULES = YES;
				CLANG_ENABLE_OBJC_ARC = YES;
				CLANG_ENABLE_OBJC_WEAK = YES;
				CLANG_WARN_BLOCK_CAPTURE_AUTORELEASING = YES;
				CLANG_WARN_BOOL_CONVERSION = YES;
				CLANG_WARN_COMMA = YES;
				CLANG_WARN_CONSTANT_CONVERSION = YES;
				CLANG_WARN_DEPRECATED_OBJC_IMPLEMENTATIONS = YES;
				CLANG_WARN_DIRECT_OBJC_ISA_USAGE = YES_ERROR;
				CLANG_WARN_DOCUMENTATION_COMMENTS = YES;
				CLANG_WARN_EMPTY_BODY = YES;
				CLANG_WARN_ENUM_CONVERSION = YES;
				CLANG_WARN_INFINITE_RECURSION = YES;
				CLANG_WARN_INT_CONVERSION = YES;
				CLANG_WARN_NON_LITERAL_NULL_CONVERSION = YES;
				CLANG_WARN_OBJC_IMPLICIT_RETAIN_SELF = YES;
				CLANG_WARN_OBJC_LITERAL_CONVERSION = YES;
				CLANG_WARN_OBJC_ROOT_CLASS = YES_ERROR;
				CLANG_WARN_QUOTED_INCLUDE_IN_FRAMEWORK_HEADER = YES;
				CLANG_WARN_RANGE_LOOP_ANALYSIS = YES;
				CLANG_WARN_STRICT_PROTOTYPES = YES;
				CLANG_WARN_SUSPICIOUS_MOVE = YES;
				CLANG_WARN_UNGUARDED_AVAILABILITY = YES_AGGRESSIVE;
				CLANG_WARN_UNREACHABLE_CODE = YES;
				CLANG_WARN__DUPLICATE_METHOD_MATCH = YES;
				COPY_PHASE_STRIP = NO;
				DEBUG_INFORMATION_FORMAT = "dwarf-with-dsym";
				ENABLE_NS_ASSERTIONS = NO;
				ENABLE_STRICT_OBJC_MSGSEND = YES;
				GCC_C_LANGUAGE_STANDARD = gnu11;
				GCC_NO_COMMON_BLOCKS = YES;
				GCC_WARN_64_TO_32_BIT_CONVERSION = YES;
				GCC_WARN_ABOUT_RETURN_TYPE = YES_ERROR;
				GCC_WARN_UNDECLARED_SELECTOR = YES;
				GCC_WARN_UNINITIALIZED_AUTOS = YES_AGGRESSIVE;
				GCC_WARN_UNUSED_FUNCTION = YES;
				GCC_WARN_UNUSED_VARIABLE = YES;
				IPHONEOS_DEPLOYMENT_TARGET = 14.5;
				MTL_ENABLE_DEBUG_INFO = NO;
				MTL_FAST_MATH = YES;
				SDKROOT = iphoneos;
				SWIFT_COMPILATION_MODE = wholemodule;
				SWIFT_OPTIMIZATION_LEVEL = "-O";
				VALIDATE_PRODUCT = YES;
			};
			name = Release;
		};
		D3A9478C26DCF28900CF1183 /* Debug */ = {
			isa = XCBuildConfiguration;
			buildSettings = {
				ASSETCATALOG_COMPILER_APPICON_NAME = AppIcon;
				ASSETCATALOG_COMPILER_GLOBAL_ACCENT_COLOR_NAME = AccentColor;
				CODE_SIGN_STYLE = Automatic;
				DEVELOPMENT_ASSET_PATHS = "\"ColumnChart/Preview Content\"";
				DEVELOPMENT_TEAM = 9EVZ98Y23C;
				ENABLE_PREVIEWS = YES;
				INFOPLIST_FILE = ColumnChart/Info.plist;
				IPHONEOS_DEPLOYMENT_TARGET = 14.0;
				LD_RUNPATH_SEARCH_PATHS = (
					"$(inherited)",
					"@executable_path/Frameworks",
				);
				PRODUCT_BUNDLE_IDENTIFIER = "de.local-solutions.ColumnChart";
				PRODUCT_NAME = "$(TARGET_NAME)";
				SWIFT_VERSION = 5.0;
				TARGETED_DEVICE_FAMILY = "1,2";
			};
			name = Debug;
		};
		D3A9478D26DCF28900CF1183 /* Release */ = {
			isa = XCBuildConfiguration;
			buildSettings = {
				ASSETCATALOG_COMPILER_APPICON_NAME = AppIcon;
				ASSETCATALOG_COMPILER_GLOBAL_ACCENT_COLOR_NAME = AccentColor;
				CODE_SIGN_STYLE = Automatic;
				DEVELOPMENT_ASSET_PATHS = "\"ColumnChart/Preview Content\"";
				DEVELOPMENT_TEAM = 9EVZ98Y23C;
				ENABLE_PREVIEWS = YES;
				INFOPLIST_FILE = ColumnChart/Info.plist;
				IPHONEOS_DEPLOYMENT_TARGET = 14.0;
				LD_RUNPATH_SEARCH_PATHS = (
					"$(inherited)",
					"@executable_path/Frameworks",
				);
				PRODUCT_BUNDLE_IDENTIFIER = "de.local-solutions.ColumnChart";
				PRODUCT_NAME = "$(TARGET_NAME)";
				SWIFT_VERSION = 5.0;
				TARGETED_DEVICE_FAMILY = "1,2";
			};
			name = Release;
		};
		D3A9478F26DCF28900CF1183 /* Debug */ = {
			isa = XCBuildConfiguration;
			buildSettings = {
				ALWAYS_EMBED_SWIFT_STANDARD_LIBRARIES = YES;
				BUNDLE_LOADER = "$(TEST_HOST)";
				CODE_SIGN_STYLE = Automatic;
				DEVELOPMENT_TEAM = 9EVZ98Y23C;
				INFOPLIST_FILE = ColumnChartTests/Info.plist;
				IPHONEOS_DEPLOYMENT_TARGET = 14.0;
				LD_RUNPATH_SEARCH_PATHS = (
					"$(inherited)",
					"@executable_path/Frameworks",
					"@loader_path/Frameworks",
				);
				PRODUCT_BUNDLE_IDENTIFIER = "de.local-solutions.ColumnChartTests";
				PRODUCT_NAME = "$(TARGET_NAME)";
				SWIFT_VERSION = 5.0;
				TARGETED_DEVICE_FAMILY = "1,2";
				TEST_HOST = "$(BUILT_PRODUCTS_DIR)/ColumnChart.app/ColumnChart";
			};
			name = Debug;
		};
		D3A9479026DCF28900CF1183 /* Release */ = {
			isa = XCBuildConfiguration;
			buildSettings = {
				ALWAYS_EMBED_SWIFT_STANDARD_LIBRARIES = YES;
				BUNDLE_LOADER = "$(TEST_HOST)";
				CODE_SIGN_STYLE = Automatic;
				DEVELOPMENT_TEAM = 9EVZ98Y23C;
				INFOPLIST_FILE = ColumnChartTests/Info.plist;
				IPHONEOS_DEPLOYMENT_TARGET = 14.0;
				LD_RUNPATH_SEARCH_PATHS = (
					"$(inherited)",
					"@executable_path/Frameworks",
					"@loader_path/Frameworks",
				);
				PRODUCT_BUNDLE_IDENTIFIER = "de.local-solutions.ColumnChartTests";
				PRODUCT_NAME = "$(TARGET_NAME)";
				SWIFT_VERSION = 5.0;
				TARGETED_DEVICE_FAMILY = "1,2";
				TEST_HOST = "$(BUILT_PRODUCTS_DIR)/ColumnChart.app/ColumnChart";
			};
			name = Release;
		};
/* End XCBuildConfiguration section */

/* Begin XCConfigurationList section */
		D3A9476126DCF28500CF1183 /* Build configuration list for PBXProject "ColumnChart" */ = {
			isa = XCConfigurationList;
			buildConfigurations = (
				D3A9478926DCF28900CF1183 /* Debug */,
				D3A9478A26DCF28900CF1183 /* Release */,
			);
			defaultConfigurationIsVisible = 0;
			defaultConfigurationName = Release;
		};
		D3A9478B26DCF28900CF1183 /* Build configuration list for PBXNativeTarget "ColumnChart" */ = {
			isa = XCConfigurationList;
			buildConfigurations = (
				D3A9478C26DCF28900CF1183 /* Debug */,
				D3A9478D26DCF28900CF1183 /* Release */,
			);
			defaultConfigurationIsVisible = 0;
			defaultConfigurationName = Release;
		};
		D3A9478E26DCF28900CF1183 /* Build configuration list for PBXNativeTarget "ColumnChartTests" */ = {
			isa = XCConfigurationList;
			buildConfigurations = (
				D3A9478F26DCF28900CF1183 /* Debug */,
				D3A9479026DCF28900CF1183 /* Release */,
			);
			defaultConfigurationIsVisible = 0;
			defaultConfigurationName = Release;
		};
/* End XCConfigurationList section */
	};
	rootObject = D3A9475E26DCF28500CF1183 /* Project object */;
}
